<?xml version="1.0" encoding="utf-8"?>
<Project ToolsVersion="4.0" xmlns="http://schemas.microsoft.com/developer/msbuild/2003">
  <ItemGroup>
    <Filter Include="Source Files">
      <UniqueIdentifier>{07f29958-9683-4caa-a45d-b6bd7d9f92af}</UniqueIdentifier>
      <Extensions>cpp;c;cxx;def;odl;idl;hpj;bat;asm</Extensions>
    </Filter>
    <Filter Include="Header Files">
      <UniqueIdentifier>{02e025c2-702d-4ace-9475-d52285ec337e}</UniqueIdentifier>
      <Extensions>h;hpp;hxx;hm;inl;inc</Extensions>
    </Filter>
    <Filter Include="Resource Files">
      <UniqueIdentifier>{aa6756eb-c92a-4709-8d57-f46b93492f11}</UniqueIdentifier>
      <Extensions>rc;ico;cur;bmp;dlg;rc2;rct;bin;rgs;jpg;jpeg;jpe;manifest</Extensions>
    </Filter>
  </ItemGroup>
  <ItemGroup>
    <ClCompile Include="Creature.cpp">
      <Filter>Source Files</Filter>
    </ClCompile>
    <ClCompile Include="InitPopDialog.cpp">
      <Filter>Source Files</Filter>
    </ClCompile>
    <ClCompile Include="MainFrm.cpp">
      <Filter>Source Files</Filter>
    </ClCompile>
    <ClCompile Include="RunTimeParamDialog.cpp">
      <Filter>Source Files</Filter>
    </ClCompile>
    <ClCompile Include="Shark.cpp">
      <Filter>Source Files</Filter>
    </ClCompile>
    <ClCompile Include="Tuna.cpp">
      <Filter>Source Files</Filter>
    </ClCompile>
    <ClCompile Include="WaTor.cpp">
      <Filter>Source Files</Filter>
    </ClCompile>
    <ClCompile Include="prog4.cpp">
      <Filter>Source Files</Filter>
    </ClCompile>
    <ClCompile Include="prog4Doc.cpp">
      <Filter>Source Files</Filter>
    </ClCompile>
    <ClCompile Include="prog4View.cpp">
      <Filter>Source Files</Filter>
    </ClCompile>
    <ClCompile Include="stdafx.cpp">
      <Filter>Source Files</Filter>
    </ClCompile>
  </ItemGroup>
  <ItemGroup>
    <ClInclude Include="Creature.h">
      <Filter>Header Files</Filter>
    </ClInclude>
    <ClInclude Include="InitPopDialog.h">
      <Filter>Header Files</Filter>
    </ClInclude>
    <ClInclude Include="MainFrm.h">
      <Filter>Header Files</Filter>
    </ClInclude>
    <ClInclude Include="Resource.h">
      <Filter>Header Files</Filter>
    </ClInclude>
    <ClInclude Include="RunTimeParamDialog.h">
      <Filter>Header Files</Filter>
    </ClInclude>
    <ClInclude Include="Shark.h">
      <Filter>Header Files</Filter>
    </ClInclude>
    <ClInclude Include="Tuna.h">
      <Filter>Header Files</Filter>
    </ClInclude>
    <ClInclude Include="WaTor.h">
      <Filter>Header Files</Filter>
    </ClInclude>
    <ClInclude Include="prog4.h">
      <Filter>Header Files</Filter>
    </ClInclude>
    <ClInclude Include="prog4Doc.h">
      <Filter>Header Files</Filter>
    </ClInclude>
    <ClInclude Include="prog4View.h">
      <Filter>Header Files</Filter>
    </ClInclude>
    <ClInclude Include="stdafx.h">
      <Filter>Header Files</Filter>
    </ClInclude>
  </ItemGroup>
  <ItemGroup>
    <Image Include="res\prog4.ico">
      <Filter>Resource Files</Filter>
    </Image>
    <Image Include="res\prog4Doc.ico">
      <Filter>Resource Files</Filter>
    </Image>
  </ItemGroup>
  <ItemGroup>
    <ResourceCompile Include="prog4.rc">
      <Filter>Resource Files</Filter>
    </ResourceCompile>
  </ItemGroup>
  <ItemGroup>
    <None Include="res\prog4.rc2">
      <Filter>Resource Files</Filter>
    </None>
  </ItemGroup>
  <ItemGroup>
    <Text Include="ReadMe.txt" />
  </ItemGroup>
</Project>